
Microsoft Visual Studio Solution File, Format Version 12.00
Project("{FAE04EC0-301F-11D3-BF4B-00C04F79EFBC}") = "Roomy", "Roomy\Roomy.csproj", "{07E0CB8B-9C38-4671-A551-835F0B321F6C}"
EndProject
Global
	GlobalSection(SolutionConfigurationPlatforms) = preSolution
		Debug|Any CPU = Debug|Any CPU
		Release|Any CPU = Release|Any CPU
	EndGlobalSection
	GlobalSection(ProjectConfigurationPlatforms) = postSolution
		{07E0CB8B-9C38-4671-A551-835F0B321F6C}.Debug|Any CPU.ActiveCfg = Debug|Any CPU
		{07E0CB8B-9C38-4671-A551-835F0B321F6C}.Debug|Any CPU.Build.0 = Debug|Any CPU
		{07E0CB8B-9C38-4671-A551-835F0B321F6C}.Release|Any CPU.ActiveCfg = Release|Any CPU
		{07E0CB8B-9C38-4671-A551-835F0B321F6C}.Release|Any CPU.Build.0 = Release|Any CPU
	EndGlobalSection
EndGlobal
